
Microsoft Visual Studio Solution File, Format Version 12.00
# Visual Studio Version 16
VisualStudioVersion = 16.0.33423.256
MinimumVisualStudioVersion = 10.0.40219.1
Project("{8BC9CEB8-8B4A-11D0-8D11-00A0C91BC942}") = "SpritzTerminal", "SpritzTerminal\SpritzTerminal.vcxproj", "{13F961B7-3F75-4D1F-A4E8-0F9E7069E9B1}"
EndProject
Global
	GlobalSection(SolutionConfigurationPlatforms) = preSolution
		Debug|x64 = Debug|x64
		Debug|x86 = Debug|x86
		Release|x64 = Release|x64
		Release|x86 = Release|x86
	EndGlobalSection
	GlobalSection(ProjectConfigurationPlatforms) = postSolution
		{13F961B7-3F75-4D1F-A4E8-0F9E7069E9B1}.Debug|x64.ActiveCfg = Debug|x64
		{13F961B7-3F75-4D1F-A4E8-0F9E7069E9B1}.Debug|x64.Build.0 = Debug|x64
		{13F961B7-3F75-4D1F-A4E8-0F9E7069E9B1}.Debug|x86.ActiveCfg = Debug|Win32
		{13F961B7-3F75-4D1F-A4E8-0F9E7069E9B1}.Debug|x86.Build.0 = Debug|Win32
		{13F961B7-3F75-4D1F-A4E8-0F9E7069E9B1}.Release|x64.ActiveCfg = Release|x64
		{13F961B7-3F75-4D1F-A4E8-0F9E7069E9B1}.Release|x64.Build.0 = Release|x64
		{13F961B7-3F75-4D1F-A4E8-0F9E7069E9B1}.Release|x86.ActiveCfg = Release|Win32
		{13F961B7-3F75-4D1F-A4E8-0F9E7069E9B1}.Release|x86.Build.0 = Release|Win32
	EndGlobalSection
	GlobalSection(SolutionProperties) = preSolution
		HideSolutionNode = FALSE
	EndGlobalSection
	GlobalSection(ExtensibilityGlobals) = postSolution
		SolutionGuid = {E948E727-296E-4BC1-B496-A1FEA9B94B4F}
	EndGlobalSection
EndGlobal
